// !$*UTF8*$!
{
	archiveVersion = 1;
	classes = {
	};
	objectVersion = 56;
	objects = {

/* Begin PBXBuildFile section */
		0A5E0EF92BECD99000F03981 /* LoginViewController.swift in Sources */ = {isa = PBXBuildFile; fileRef = 0A5E0EF72BECD99000F03981 /* LoginViewController.swift */; };
		0A5E0EFA2BECD99000F03981 /* ForgotPasswordViewController.swift in Sources */ = {isa = PBXBuildFile; fileRef = 0A5E0EF82BECD99000F03981 /* ForgotPasswordViewController.swift */; };
		0A5E0F192BECDE4B00F03981 /* DetailTableViewCell.swift in Sources */ = {isa = PBXBuildFile; fileRef = 0A5E0EFB2BECDE4B00F03981 /* DetailTableViewCell.swift */; };
		0A5E0F1A2BECDE4B00F03981 /* DetailTableViewCell.xib in Resources */ = {isa = PBXBuildFile; fileRef = 0A5E0EFC2BECDE4B00F03981 /* DetailTableViewCell.xib */; };
		0A5E0F1B2BECDE4B00F03981 /* DetailViewController.swift in Sources */ = {isa = PBXBuildFile; fileRef = 0A5E0EFD2BECDE4B00F03981 /* DetailViewController.swift */; };
		0A5E0F1F2BECDE4B00F03981 /* HomeTableViewCell.swift in Sources */ = {isa = PBXBuildFile; fileRef = 0A5E0F012BECDE4B00F03981 /* HomeTableViewCell.swift */; };
		0A5E0F202BECDE4B00F03981 /* HomeTableViewCell.xib in Resources */ = {isa = PBXBuildFile; fileRef = 0A5E0F022BECDE4B00F03981 /* HomeTableViewCell.xib */; };
		0A5E0F212BECDE4B00F03981 /* HomeViewController.swift in Sources */ = {isa = PBXBuildFile; fileRef = 0A5E0F032BECDE4B00F03981 /* HomeViewController.swift */; };
		0A5E0F262BECDE4B00F03981 /* HistoryTableViewCell.swift in Sources */ = {isa = PBXBuildFile; fileRef = 0A5E0F092BECDE4B00F03981 /* HistoryTableViewCell.swift */; };
		0A5E0F272BECDE4B00F03981 /* HistoryTableViewCell.xib in Resources */ = {isa = PBXBuildFile; fileRef = 0A5E0F0A2BECDE4B00F03981 /* HistoryTableViewCell.xib */; };
		0A5E0F282BECDE4B00F03981 /* HistoryViewController.swift in Sources */ = {isa = PBXBuildFile; fileRef = 0A5E0F0B2BECDE4B00F03981 /* HistoryViewController.swift */; };
		0A5E0F292BECDE4B00F03981 /* ChatTableViewCell.swift in Sources */ = {isa = PBXBuildFile; fileRef = 0A5E0F0D2BECDE4B00F03981 /* ChatTableViewCell.swift */; };
		0A5E0F2A2BECDE4B00F03981 /* ChatTableViewCell.xib in Resources */ = {isa = PBXBuildFile; fileRef = 0A5E0F0E2BECDE4B00F03981 /* ChatTableViewCell.xib */; };
		0A5E0F2B2BECDE4B00F03981 /* ChatViewController.swift in Sources */ = {isa = PBXBuildFile; fileRef = 0A5E0F0F2BECDE4B00F03981 /* ChatViewController.swift */; };
		0A5E0F2C2BECDE4B00F03981 /* ContactUsViewController.swift in Sources */ = {isa = PBXBuildFile; fileRef = 0A5E0F112BECDE4B00F03981 /* ContactUsViewController.swift */; };
		0A5E0F2D2BECDE4B00F03981 /* EditProfileViewController.swift in Sources */ = {isa = PBXBuildFile; fileRef = 0A5E0F122BECDE4B00F03981 /* EditProfileViewController.swift */; };
		0A5E0F2E2BECDE4B00F03981 /* PrivacyPolicyViewController.swift in Sources */ = {isa = PBXBuildFile; fileRef = 0A5E0F132BECDE4B00F03981 /* PrivacyPolicyViewController.swift */; };
		0A5E0F2F2BECDE4B00F03981 /* ProfileViewController.swift in Sources */ = {isa = PBXBuildFile; fileRef = 0A5E0F142BECDE4B00F03981 /* ProfileViewController.swift */; };
		0A5E0F302BECDE4B00F03981 /* ResetPasswordViewController.swift in Sources */ = {isa = PBXBuildFile; fileRef = 0A5E0F152BECDE4B00F03981 /* ResetPasswordViewController.swift */; };
		0A5E0F592BECDEB300F03981 /* Location.swift in Sources */ = {isa = PBXBuildFile; fileRef = 0A5E0F322BECDEB200F03981 /* Location.swift */; };
		0A5E0F5A2BECDEB300F03981 /* LocationPicker.storyboard in Resources */ = {isa = PBXBuildFile; fileRef = 0A5E0F332BECDEB200F03981 /* LocationPicker.storyboard */; };
		0A5E0F5B2BECDEB300F03981 /* LocationPickerViewController.swift in Sources */ = {isa = PBXBuildFile; fileRef = 0A5E0F342BECDEB200F03981 /* LocationPickerViewController.swift */; };
		0A5E0F5C2BECDEB300F03981 /* LocationSearchResultsViewController.swift in Sources */ = {isa = PBXBuildFile; fileRef = 0A5E0F352BECDEB200F03981 /* LocationSearchResultsViewController.swift */; };
		0A5E0F5D2BECDEB300F03981 /* LocationService.swift in Sources */ = {isa = PBXBuildFile; fileRef = 0A5E0F362BECDEB200F03981 /* LocationService.swift */; };
		0A5E0F5E2BECDEB300F03981 /* SearchHistoryManager.swift in Sources */ = {isa = PBXBuildFile; fileRef = 0A5E0F372BECDEB200F03981 /* SearchHistoryManager.swift */; };
		0A5E0F5F2BECDEB300F03981 /* AppSharedData.swift in Sources */ = {isa = PBXBuildFile; fileRef = 0A5E0F392BECDEB300F03981 /* AppSharedData.swift */; };
		0A5E0F602BECDEB300F03981 /* CategoryModel.swift in Sources */ = {isa = PBXBuildFile; fileRef = 0A5E0F3B2BECDEB300F03981 /* CategoryModel.swift */; };
		0A5E0F612BECDEB300F03981 /* ChatDetailModel.swift in Sources */ = {isa = PBXBuildFile; fileRef = 0A5E0F3C2BECDEB300F03981 /* ChatDetailModel.swift */; };
		0A5E0F622BECDEB300F03981 /* GamePlayersModel.swift in Sources */ = {isa = PBXBuildFile; fileRef = 0A5E0F3D2BECDEB300F03981 /* GamePlayersModel.swift */; };
		0A5E0F632BECDEB300F03981 /* GetGameModel.swift in Sources */ = {isa = PBXBuildFile; fileRef = 0A5E0F3E2BECDEB300F03981 /* GetGameModel.swift */; };
		0A5E0F642BECDEB300F03981 /* HomeModel.swift in Sources */ = {isa = PBXBuildFile; fileRef = 0A5E0F3F2BECDEB300F03981 /* HomeModel.swift */; };
		0A5E0F652BECDEB300F03981 /* LoginModel.swift in Sources */ = {isa = PBXBuildFile; fileRef = 0A5E0F402BECDEB300F03981 /* LoginModel.swift */; };
		0A5E0F662BECDEB300F03981 /* NotificationModel.swift in Sources */ = {isa = PBXBuildFile; fileRef = 0A5E0F412BECDEB300F03981 /* NotificationModel.swift */; };
		0A5E0F672BECDEB300F03981 /* RegistrationModel.swift in Sources */ = {isa = PBXBuildFile; fileRef = 0A5E0F422BECDEB300F03981 /* RegistrationModel.swift */; };
		0A5E0F682BECDEB300F03981 /* StoreModel.swift in Sources */ = {isa = PBXBuildFile; fileRef = 0A5E0F432BECDEB300F03981 /* StoreModel.swift */; };
		0A5E0F692BECDEB300F03981 /* UserModel.swift in Sources */ = {isa = PBXBuildFile; fileRef = 0A5E0F442BECDEB300F03981 /* UserModel.swift */; };
		0A5E0F6A2BECDEB300F03981 /* WebServiceHelper.swift in Sources */ = {isa = PBXBuildFile; fileRef = 0A5E0F462BECDEB300F03981 /* WebServiceHelper.swift */; };
		0A5E0F6B2BECDEB300F03981 /* WebServiceManager.swift in Sources */ = {isa = PBXBuildFile; fileRef = 0A5E0F472BECDEB300F03981 /* WebServiceManager.swift */; };
		0A5E0F6C2BECDEB300F03981 /* TabBarViewController.swift in Sources */ = {isa = PBXBuildFile; fileRef = 0A5E0F492BECDEB300F03981 /* TabBarViewController.swift */; };
		0A5E0F6D2BECDEB300F03981 /* FloatRatingView.swift in Sources */ = {isa = PBXBuildFile; fileRef = 0A5E0F4B2BECDEB300F03981 /* FloatRatingView.swift */; };
		0A5E0F6E2BECDEB300F03981 /* AlertViewController.swift in Sources */ = {isa = PBXBuildFile; fileRef = 0A5E0F4D2BECDEB300F03981 /* AlertViewController.swift */; };
		0A5E0F6F2BECDEB300F03981 /* century.ttf in Resources */ = {isa = PBXBuildFile; fileRef = 0A5E0F4E2BECDEB300F03981 /* century.ttf */; };
		0A5E0F702BECDEB300F03981 /* CircularProgressBar.swift in Sources */ = {isa = PBXBuildFile; fileRef = 0A5E0F4F2BECDEB300F03981 /* CircularProgressBar.swift */; };
		0A5E0F712BECDEB300F03981 /* CustomUITextField.swift in Sources */ = {isa = PBXBuildFile; fileRef = 0A5E0F502BECDEB300F03981 /* CustomUITextField.swift */; };
		0A5E0F722BECDEB300F03981 /* CustomUIView.swift in Sources */ = {isa = PBXBuildFile; fileRef = 0A5E0F512BECDEB300F03981 /* CustomUIView.swift */; };
		0A5E0F732BECDEB300F03981 /* Extensions.swift in Sources */ = {isa = PBXBuildFile; fileRef = 0A5E0F522BECDEB300F03981 /* Extensions.swift */; };
		0A5E0F742BECDEB300F03981 /* MediaPicker.swift in Sources */ = {isa = PBXBuildFile; fileRef = 0A5E0F532BECDEB300F03981 /* MediaPicker.swift */; };
		0A5E0F752BECDEB300F03981 /* MessageConstant.swift in Sources */ = {isa = PBXBuildFile; fileRef = 0A5E0F542BECDEB300F03981 /* MessageConstant.swift */; };
		0A5E0F762BECDEB300F03981 /* RDTextView.swift in Sources */ = {isa = PBXBuildFile; fileRef = 0A5E0F552BECDEB300F03981 /* RDTextView.swift */; };
		0A5E0F772BECDEB300F03981 /* TableViewExtension.swift in Sources */ = {isa = PBXBuildFile; fileRef = 0A5E0F562BECDEB300F03981 /* TableViewExtension.swift */; };
		0A5E0F782BECDEB300F03981 /* TimePickerManager.swift in Sources */ = {isa = PBXBuildFile; fileRef = 0A5E0F572BECDEB300F03981 /* TimePickerManager.swift */; };
		0A5E0F7A2BECE5D700F03981 /* CreateSecretBoxViewController.swift in Sources */ = {isa = PBXBuildFile; fileRef = 0A5E0F792BECE5D700F03981 /* CreateSecretBoxViewController.swift */; };
		DC2C800CCE03AAC76508A67D /* Pods_OneLastChanceVendor.framework in Frameworks */ = {isa = PBXBuildFile; fileRef = 517B529D5AEAFD8FA174B3AA /* Pods_OneLastChanceVendor.framework */; };
		F9F48A2C2BE26489003A16E1 /* AppDelegate.swift in Sources */ = {isa = PBXBuildFile; fileRef = F9F48A2B2BE26489003A16E1 /* AppDelegate.swift */; };
		F9F48A302BE26489003A16E1 /* ViewController.swift in Sources */ = {isa = PBXBuildFile; fileRef = F9F48A2F2BE26489003A16E1 /* ViewController.swift */; };
		F9F48A332BE26489003A16E1 /* Base in Resources */ = {isa = PBXBuildFile; fileRef = F9F48A322BE26489003A16E1 /* Base */; };
		F9F48A352BE2648B003A16E1 /* Assets.xcassets in Resources */ = {isa = PBXBuildFile; fileRef = F9F48A342BE2648B003A16E1 /* Assets.xcassets */; };
		F9F48A382BE2648B003A16E1 /* Base in Resources */ = {isa = PBXBuildFile; fileRef = F9F48A372BE2648B003A16E1 /* Base */; };
/* End PBXBuildFile section */

/* Begin PBXFileReference section */
		0A5E0EF72BECD99000F03981 /* LoginViewController.swift */ = {isa = PBXFileReference; fileEncoding = 4; lastKnownFileType = sourcecode.swift; path = LoginViewController.swift; sourceTree = "<group>"; };
		0A5E0EF82BECD99000F03981 /* ForgotPasswordViewController.swift */ = {isa = PBXFileReference; fileEncoding = 4; lastKnownFileType = sourcecode.swift; path = ForgotPasswordViewController.swift; sourceTree = "<group>"; };
		0A5E0EFB2BECDE4B00F03981 /* DetailTableViewCell.swift */ = {isa = PBXFileReference; fileEncoding = 4; lastKnownFileType = sourcecode.swift; path = DetailTableViewCell.swift; sourceTree = "<group>"; };
		0A5E0EFC2BECDE4B00F03981 /* DetailTableViewCell.xib */ = {isa = PBXFileReference; fileEncoding = 4; lastKnownFileType = file.xib; path = DetailTableViewCell.xib; sourceTree = "<group>"; };
		0A5E0EFD2BECDE4B00F03981 /* DetailViewController.swift */ = {isa = PBXFileReference; fileEncoding = 4; lastKnownFileType = sourcecode.swift; path = DetailViewController.swift; sourceTree = "<group>"; };
		0A5E0F012BECDE4B00F03981 /* HomeTableViewCell.swift */ = {isa = PBXFileReference; fileEncoding = 4; lastKnownFileType = sourcecode.swift; path = HomeTableViewCell.swift; sourceTree = "<group>"; };
		0A5E0F022BECDE4B00F03981 /* HomeTableViewCell.xib */ = {isa = PBXFileReference; fileEncoding = 4; lastKnownFileType = file.xib; path = HomeTableViewCell.xib; sourceTree = "<group>"; };
		0A5E0F032BECDE4B00F03981 /* HomeViewController.swift */ = {isa = PBXFileReference; fileEncoding = 4; lastKnownFileType = sourcecode.swift; path = HomeViewController.swift; sourceTree = "<group>"; };
		0A5E0F092BECDE4B00F03981 /* HistoryTableViewCell.swift */ = {isa = PBXFileReference; fileEncoding = 4; lastKnownFileType = sourcecode.swift; path = HistoryTableViewCell.swift; sourceTree = "<group>"; };
		0A5E0F0A2BECDE4B00F03981 /* HistoryTableViewCell.xib */ = {isa = PBXFileReference; fileEncoding = 4; lastKnownFileType = file.xib; path = HistoryTableViewCell.xib; sourceTree = "<group>"; };
		0A5E0F0B2BECDE4B00F03981 /* HistoryViewController.swift */ = {isa = PBXFileReference; fileEncoding = 4; lastKnownFileType = sourcecode.swift; path = HistoryViewController.swift; sourceTree = "<group>"; };
		0A5E0F0D2BECDE4B00F03981 /* ChatTableViewCell.swift */ = {isa = PBXFileReference; fileEncoding = 4; lastKnownFileType = sourcecode.swift; path = ChatTableViewCell.swift; sourceTree = "<group>"; };
		0A5E0F0E2BECDE4B00F03981 /* ChatTableViewCell.xib */ = {isa = PBXFileReference; fileEncoding = 4; lastKnownFileType = file.xib; path = ChatTableViewCell.xib; sourceTree = "<group>"; };
		0A5E0F0F2BECDE4B00F03981 /* ChatViewController.swift */ = {isa = PBXFileReference; fileEncoding = 4; lastKnownFileType = sourcecode.swift; path = ChatViewController.swift; sourceTree = "<group>"; };
		0A5E0F112BECDE4B00F03981 /* ContactUsViewController.swift */ = {isa = PBXFileReference; fileEncoding = 4; lastKnownFileType = sourcecode.swift; path = ContactUsViewController.swift; sourceTree = "<group>"; };
		0A5E0F122BECDE4B00F03981 /* EditProfileViewController.swift */ = {isa = PBXFileReference; fileEncoding = 4; lastKnownFileType = sourcecode.swift; path = EditProfileViewController.swift; sourceTree = "<group>"; };
		0A5E0F132BECDE4B00F03981 /* PrivacyPolicyViewController.swift */ = {isa = PBXFileReference; fileEncoding = 4; lastKnownFileType = sourcecode.swift; path = PrivacyPolicyViewController.swift; sourceTree = "<group>"; };
		0A5E0F142BECDE4B00F03981 /* ProfileViewController.swift */ = {isa = PBXFileReference; fileEncoding = 4; lastKnownFileType = sourcecode.swift; path = ProfileViewController.swift; sourceTree = "<group>"; };
		0A5E0F152BECDE4B00F03981 /* ResetPasswordViewController.swift */ = {isa = PBXFileReference; fileEncoding = 4; lastKnownFileType = sourcecode.swift; path = ResetPasswordViewController.swift; sourceTree = "<group>"; };
		0A5E0F322BECDEB200F03981 /* Location.swift */ = {isa = PBXFileReference; fileEncoding = 4; lastKnownFileType = sourcecode.swift; path = Location.swift; sourceTree = "<group>"; };
		0A5E0F332BECDEB200F03981 /* LocationPicker.storyboard */ = {isa = PBXFileReference; fileEncoding = 4; lastKnownFileType = file.storyboard; path = LocationPicker.storyboard; sourceTree = "<group>"; };
		0A5E0F342BECDEB200F03981 /* LocationPickerViewController.swift */ = {isa = PBXFileReference; fileEncoding = 4; lastKnownFileType = sourcecode.swift; path = LocationPickerViewController.swift; sourceTree = "<group>"; };
		0A5E0F352BECDEB200F03981 /* LocationSearchResultsViewController.swift */ = {isa = PBXFileReference; fileEncoding = 4; lastKnownFileType = sourcecode.swift; path = LocationSearchResultsViewController.swift; sourceTree = "<group>"; };
		0A5E0F362BECDEB200F03981 /* LocationService.swift */ = {isa = PBXFileReference; fileEncoding = 4; lastKnownFileType = sourcecode.swift; path = LocationService.swift; sourceTree = "<group>"; };
		0A5E0F372BECDEB200F03981 /* SearchHistoryManager.swift */ = {isa = PBXFileReference; fileEncoding = 4; lastKnownFileType = sourcecode.swift; path = SearchHistoryManager.swift; sourceTree = "<group>"; };
		0A5E0F392BECDEB300F03981 /* AppSharedData.swift */ = {isa = PBXFileReference; fileEncoding = 4; lastKnownFileType = sourcecode.swift; path = AppSharedData.swift; sourceTree = "<group>"; };
		0A5E0F3B2BECDEB300F03981 /* CategoryModel.swift */ = {isa = PBXFileReference; fileEncoding = 4; lastKnownFileType = sourcecode.swift; path = CategoryModel.swift; sourceTree = "<group>"; };
		0A5E0F3C2BECDEB300F03981 /* ChatDetailModel.swift */ = {isa = PBXFileReference; fileEncoding = 4; lastKnownFileType = sourcecode.swift; path = ChatDetailModel.swift; sourceTree = "<group>"; };
		0A5E0F3D2BECDEB300F03981 /* GamePlayersModel.swift */ = {isa = PBXFileReference; fileEncoding = 4; lastKnownFileType = sourcecode.swift; path = GamePlayersModel.swift; sourceTree = "<group>"; };
		0A5E0F3E2BECDEB300F03981 /* GetGameModel.swift */ = {isa = PBXFileReference; fileEncoding = 4; lastKnownFileType = sourcecode.swift; path = GetGameModel.swift; sourceTree = "<group>"; };
		0A5E0F3F2BECDEB300F03981 /* HomeModel.swift */ = {isa = PBXFileReference; fileEncoding = 4; lastKnownFileType = sourcecode.swift; path = HomeModel.swift; sourceTree = "<group>"; };
		0A5E0F402BECDEB300F03981 /* LoginModel.swift */ = {isa = PBXFileReference; fileEncoding = 4; lastKnownFileType = sourcecode.swift; path = LoginModel.swift; sourceTree = "<group>"; };
		0A5E0F412BECDEB300F03981 /* NotificationModel.swift */ = {isa = PBXFileReference; fileEncoding = 4; lastKnownFileType = sourcecode.swift; path = NotificationModel.swift; sourceTree = "<group>"; };
		0A5E0F422BECDEB300F03981 /* RegistrationModel.swift */ = {isa = PBXFileReference; fileEncoding = 4; lastKnownFileType = sourcecode.swift; path = RegistrationModel.swift; sourceTree = "<group>"; };
		0A5E0F432BECDEB300F03981 /* StoreModel.swift */ = {isa = PBXFileReference; fileEncoding = 4; lastKnownFileType = sourcecode.swift; path = StoreModel.swift; sourceTree = "<group>"; };
		0A5E0F442BECDEB300F03981 /* UserModel.swift */ = {isa = PBXFileReference; fileEncoding = 4; lastKnownFileType = sourcecode.swift; path = UserModel.swift; sourceTree = "<group>"; };
		0A5E0F462BECDEB300F03981 /* WebServiceHelper.swift */ = {isa = PBXFileReference; fileEncoding = 4; lastKnownFileType = sourcecode.swift; path = WebServiceHelper.swift; sourceTree = "<group>"; };
		0A5E0F472BECDEB300F03981 /* WebServiceManager.swift */ = {isa = PBXFileReference; fileEncoding = 4; lastKnownFileType = sourcecode.swift; path = WebServiceManager.swift; sourceTree = "<group>"; };
		0A5E0F492BECDEB300F03981 /* TabBarViewController.swift */ = {isa = PBXFileReference; fileEncoding = 4; lastKnownFileType = sourcecode.swift; path = TabBarViewController.swift; sourceTree = "<group>"; };
		0A5E0F4B2BECDEB300F03981 /* FloatRatingView.swift */ = {isa = PBXFileReference; fileEncoding = 4; lastKnownFileType = sourcecode.swift; path = FloatRatingView.swift; sourceTree = "<group>"; };
		0A5E0F4D2BECDEB300F03981 /* AlertViewController.swift */ = {isa = PBXFileReference; fileEncoding = 4; lastKnownFileType = sourcecode.swift; path = AlertViewController.swift; sourceTree = "<group>"; };
		0A5E0F4E2BECDEB300F03981 /* century.ttf */ = {isa = PBXFileReference; lastKnownFileType = file; path = century.ttf; sourceTree = "<group>"; };
		0A5E0F4F2BECDEB300F03981 /* CircularProgressBar.swift */ = {isa = PBXFileReference; fileEncoding = 4; lastKnownFileType = sourcecode.swift; path = CircularProgressBar.swift; sourceTree = "<group>"; };
		0A5E0F502BECDEB300F03981 /* CustomUITextField.swift */ = {isa = PBXFileReference; fileEncoding = 4; lastKnownFileType = sourcecode.swift; path = CustomUITextField.swift; sourceTree = "<group>"; };
		0A5E0F512BECDEB300F03981 /* CustomUIView.swift */ = {isa = PBXFileReference; fileEncoding = 4; lastKnownFileType = sourcecode.swift; path = CustomUIView.swift; sourceTree = "<group>"; };
		0A5E0F522BECDEB300F03981 /* Extensions.swift */ = {isa = PBXFileReference; fileEncoding = 4; lastKnownFileType = sourcecode.swift; path = Extensions.swift; sourceTree = "<group>"; };
		0A5E0F532BECDEB300F03981 /* MediaPicker.swift */ = {isa = PBXFileReference; fileEncoding = 4; lastKnownFileType = sourcecode.swift; path = MediaPicker.swift; sourceTree = "<group>"; };
		0A5E0F542BECDEB300F03981 /* MessageConstant.swift */ = {isa = PBXFileReference; fileEncoding = 4; lastKnownFileType = sourcecode.swift; path = MessageConstant.swift; sourceTree = "<group>"; };
		0A5E0F552BECDEB300F03981 /* RDTextView.swift */ = {isa = PBXFileReference; fileEncoding = 4; lastKnownFileType = sourcecode.swift; path = RDTextView.swift; sourceTree = "<group>"; };
		0A5E0F562BECDEB300F03981 /* TableViewExtension.swift */ = {isa = PBXFileReference; fileEncoding = 4; lastKnownFileType = sourcecode.swift; path = TableViewExtension.swift; sourceTree = "<group>"; };
		0A5E0F572BECDEB300F03981 /* TimePickerManager.swift */ = {isa = PBXFileReference; fileEncoding = 4; lastKnownFileType = sourcecode.swift; path = TimePickerManager.swift; sourceTree = "<group>"; };
		0A5E0F792BECE5D700F03981 /* CreateSecretBoxViewController.swift */ = {isa = PBXFileReference; lastKnownFileType = sourcecode.swift; path = CreateSecretBoxViewController.swift; sourceTree = "<group>"; };
		22136935D99F7E17DBC861ED /* Pods-OneLastChanceVendor.release.xcconfig */ = {isa = PBXFileReference; includeInIndex = 1; lastKnownFileType = text.xcconfig; name = "Pods-OneLastChanceVendor.release.xcconfig"; path = "Target Support Files/Pods-OneLastChanceVendor/Pods-OneLastChanceVendor.release.xcconfig"; sourceTree = "<group>"; };
		517B529D5AEAFD8FA174B3AA /* Pods_OneLastChanceVendor.framework */ = {isa = PBXFileReference; explicitFileType = wrapper.framework; includeInIndex = 0; path = Pods_OneLastChanceVendor.framework; sourceTree = BUILT_PRODUCTS_DIR; };
		9E03B89D8072C47C7A0B5BC1 /* Pods-OneLastChanceVendor.debug.xcconfig */ = {isa = PBXFileReference; includeInIndex = 1; lastKnownFileType = text.xcconfig; name = "Pods-OneLastChanceVendor.debug.xcconfig"; path = "Target Support Files/Pods-OneLastChanceVendor/Pods-OneLastChanceVendor.debug.xcconfig"; sourceTree = "<group>"; };
		F9F48A282BE26489003A16E1 /* OneLastChanceVendor.app */ = {isa = PBXFileReference; explicitFileType = wrapper.application; includeInIndex = 0; path = OneLastChanceVendor.app; sourceTree = BUILT_PRODUCTS_DIR; };
		F9F48A2B2BE26489003A16E1 /* AppDelegate.swift */ = {isa = PBXFileReference; lastKnownFileType = sourcecode.swift; path = AppDelegate.swift; sourceTree = "<group>"; };
		F9F48A2F2BE26489003A16E1 /* ViewController.swift */ = {isa = PBXFileReference; lastKnownFileType = sourcecode.swift; path = ViewController.swift; sourceTree = "<group>"; };
		F9F48A322BE26489003A16E1 /* Base */ = {isa = PBXFileReference; lastKnownFileType = file.storyboard; name = Base; path = Base.lproj/Main.storyboard; sourceTree = "<group>"; };
		F9F48A342BE2648B003A16E1 /* Assets.xcassets */ = {isa = PBXFileReference; lastKnownFileType = folder.assetcatalog; path = Assets.xcassets; sourceTree = "<group>"; };
		F9F48A372BE2648B003A16E1 /* Base */ = {isa = PBXFileReference; lastKnownFileType = file.storyboard; name = Base; path = Base.lproj/LaunchScreen.storyboard; sourceTree = "<group>"; };
		F9F48A392BE2648B003A16E1 /* Info.plist */ = {isa = PBXFileReference; lastKnownFileType = text.plist.xml; path = Info.plist; sourceTree = "<group>"; };
/* End PBXFileReference section */

/* Begin PBXFrameworksBuildPhase section */
		F9F48A252BE26489003A16E1 /* Frameworks */ = {
			isa = PBXFrameworksBuildPhase;
			buildActionMask = 2147483647;
			files = (
				DC2C800CCE03AAC76508A67D /* Pods_OneLastChanceVendor.framework in Frameworks */,
			);
			runOnlyForDeploymentPostprocessing = 0;
		};
/* End PBXFrameworksBuildPhase section */

/* Begin PBXGroup section */
		0A5E0EF62BECD95300F03981 /* Auth */ = {
			isa = PBXGroup;
			children = (
				0A5E0EF82BECD99000F03981 /* ForgotPasswordViewController.swift */,
				0A5E0EF72BECD99000F03981 /* LoginViewController.swift */,
			);
			path = Auth;
			sourceTree = "<group>";
		};
		0A5E0F082BECDE4B00F03981 /* Home */ = {
			isa = PBXGroup;
			children = (
				0A5E0EFB2BECDE4B00F03981 /* DetailTableViewCell.swift */,
				0A5E0EFC2BECDE4B00F03981 /* DetailTableViewCell.xib */,
				0A5E0EFD2BECDE4B00F03981 /* DetailViewController.swift */,
				0A5E0F012BECDE4B00F03981 /* HomeTableViewCell.swift */,
				0A5E0F022BECDE4B00F03981 /* HomeTableViewCell.xib */,
				0A5E0F032BECDE4B00F03981 /* HomeViewController.swift */,
				0A5E0F792BECE5D700F03981 /* CreateSecretBoxViewController.swift */,
			);
			path = Home;
			sourceTree = "<group>";
		};
		0A5E0F0C2BECDE4B00F03981 /* History */ = {
			isa = PBXGroup;
			children = (
				0A5E0F092BECDE4B00F03981 /* HistoryTableViewCell.swift */,
				0A5E0F0A2BECDE4B00F03981 /* HistoryTableViewCell.xib */,
				0A5E0F0B2BECDE4B00F03981 /* HistoryViewController.swift */,
			);
			path = History;
			sourceTree = "<group>";
		};
		0A5E0F102BECDE4B00F03981 /* Chat */ = {
			isa = PBXGroup;
			children = (
				0A5E0F0D2BECDE4B00F03981 /* ChatTableViewCell.swift */,
				0A5E0F0E2BECDE4B00F03981 /* ChatTableViewCell.xib */,
				0A5E0F0F2BECDE4B00F03981 /* ChatViewController.swift */,
			);
			path = Chat;
			sourceTree = "<group>";
		};
		0A5E0F162BECDE4B00F03981 /* Profile */ = {
			isa = PBXGroup;
			children = (
				0A5E0F112BECDE4B00F03981 /* ContactUsViewController.swift */,
				0A5E0F122BECDE4B00F03981 /* EditProfileViewController.swift */,
				0A5E0F132BECDE4B00F03981 /* PrivacyPolicyViewController.swift */,
				0A5E0F142BECDE4B00F03981 /* ProfileViewController.swift */,
				0A5E0F152BECDE4B00F03981 /* ResetPasswordViewController.swift */,
			);
			path = Profile;
			sourceTree = "<group>";
		};
		0A5E0F382BECDEB200F03981 /* LocationPicker */ = {
			isa = PBXGroup;
			children = (
				0A5E0F322BECDEB200F03981 /* Location.swift */,
				0A5E0F332BECDEB200F03981 /* LocationPicker.storyboard */,
				0A5E0F342BECDEB200F03981 /* LocationPickerViewController.swift */,
				0A5E0F352BECDEB200F03981 /* LocationSearchResultsViewController.swift */,
				0A5E0F362BECDEB200F03981 /* LocationService.swift */,
				0A5E0F372BECDEB200F03981 /* SearchHistoryManager.swift */,
			);
			path = LocationPicker;
			sourceTree = "<group>";
		};
		0A5E0F3A2BECDEB300F03981 /* SharedClass */ = {
			isa = PBXGroup;
			children = (
				0A5E0F392BECDEB300F03981 /* AppSharedData.swift */,
			);
			path = SharedClass;
			sourceTree = "<group>";
		};
		0A5E0F452BECDEB300F03981 /* Model */ = {
			isa = PBXGroup;
			children = (
				0A5E0F3B2BECDEB300F03981 /* CategoryModel.swift */,
				0A5E0F3C2BECDEB300F03981 /* ChatDetailModel.swift */,
				0A5E0F3D2BECDEB300F03981 /* GamePlayersModel.swift */,
				0A5E0F3E2BECDEB300F03981 /* GetGameModel.swift */,
				0A5E0F3F2BECDEB300F03981 /* HomeModel.swift */,
				0A5E0F402BECDEB300F03981 /* LoginModel.swift */,
				0A5E0F412BECDEB300F03981 /* NotificationModel.swift */,
				0A5E0F422BECDEB300F03981 /* RegistrationModel.swift */,
				0A5E0F432BECDEB300F03981 /* StoreModel.swift */,
				0A5E0F442BECDEB300F03981 /* UserModel.swift */,
			);
			path = Model;
			sourceTree = "<group>";
		};
		0A5E0F482BECDEB300F03981 /* WebServiceManager */ = {
			isa = PBXGroup;
			children = (
				0A5E0F462BECDEB300F03981 /* WebServiceHelper.swift */,
				0A5E0F472BECDEB300F03981 /* WebServiceManager.swift */,
			);
			path = WebServiceManager;
			sourceTree = "<group>";
		};
		0A5E0F4A2BECDEB300F03981 /* TabBarController */ = {
			isa = PBXGroup;
			children = (
				0A5E0F492BECDEB300F03981 /* TabBarViewController.swift */,
			);
			path = TabBarController;
			sourceTree = "<group>";
		};
		0A5E0F4C2BECDEB300F03981 /* FloatingRatingView */ = {
			isa = PBXGroup;
			children = (
				0A5E0F4B2BECDEB300F03981 /* FloatRatingView.swift */,
			);
			path = FloatingRatingView;
			sourceTree = "<group>";
		};
		0A5E0F582BECDEB300F03981 /* Utilities */ = {
			isa = PBXGroup;
			children = (
				0A5E0F4C2BECDEB300F03981 /* FloatingRatingView */,
				0A5E0F4D2BECDEB300F03981 /* AlertViewController.swift */,
				0A5E0F4E2BECDEB300F03981 /* century.ttf */,
				0A5E0F4F2BECDEB300F03981 /* CircularProgressBar.swift */,
				0A5E0F502BECDEB300F03981 /* CustomUITextField.swift */,
				0A5E0F512BECDEB300F03981 /* CustomUIView.swift */,
				0A5E0F522BECDEB300F03981 /* Extensions.swift */,
				0A5E0F532BECDEB300F03981 /* MediaPicker.swift */,
				0A5E0F542BECDEB300F03981 /* MessageConstant.swift */,
				0A5E0F552BECDEB300F03981 /* RDTextView.swift */,
				0A5E0F562BECDEB300F03981 /* TableViewExtension.swift */,
				0A5E0F572BECDEB300F03981 /* TimePickerManager.swift */,
			);
			path = Utilities;
			sourceTree = "<group>";
		};
		29BA18750E25D7BFDF835838 /* Frameworks */ = {
			isa = PBXGroup;
			children = (
				517B529D5AEAFD8FA174B3AA /* Pods_OneLastChanceVendor.framework */,
			);
			name = Frameworks;
			sourceTree = "<group>";
		};
		2BBCFA89732A1AED5E5B1285 /* Pods */ = {
			isa = PBXGroup;
			children = (
				9E03B89D8072C47C7A0B5BC1 /* Pods-OneLastChanceVendor.debug.xcconfig */,
				22136935D99F7E17DBC861ED /* Pods-OneLastChanceVendor.release.xcconfig */,
			);
			path = Pods;
			sourceTree = "<group>";
		};
		F9F48A1F2BE26489003A16E1 = {
			isa = PBXGroup;
			children = (
				F9F48A2A2BE26489003A16E1 /* OneLastChanceVendor */,
				F9F48A292BE26489003A16E1 /* Products */,
				2BBCFA89732A1AED5E5B1285 /* Pods */,
				29BA18750E25D7BFDF835838 /* Frameworks */,
			);
			sourceTree = "<group>";
		};
		F9F48A292BE26489003A16E1 /* Products */ = {
			isa = PBXGroup;
			children = (
				F9F48A282BE26489003A16E1 /* OneLastChanceVendor.app */,
			);
			name = Products;
			sourceTree = "<group>";
		};
		F9F48A2A2BE26489003A16E1 /* OneLastChanceVendor */ = {
			isa = PBXGroup;
			children = (
				0A5E0F382BECDEB200F03981 /* LocationPicker */,
				0A5E0F452BECDEB300F03981 /* Model */,
				0A5E0F3A2BECDEB300F03981 /* SharedClass */,
				0A5E0F4A2BECDEB300F03981 /* TabBarController */,
				0A5E0F582BECDEB300F03981 /* Utilities */,
				0A5E0F482BECDEB300F03981 /* WebServiceManager */,
				0A5E0F102BECDE4B00F03981 /* Chat */,
				0A5E0F0C2BECDE4B00F03981 /* History */,
				0A5E0F082BECDE4B00F03981 /* Home */,
				0A5E0F162BECDE4B00F03981 /* Profile */,
				0A5E0EF62BECD95300F03981 /* Auth */,
				F9F48A2B2BE26489003A16E1 /* AppDelegate.swift */,
				F9F48A2F2BE26489003A16E1 /* ViewController.swift */,
				F9F48A312BE26489003A16E1 /* Main.storyboard */,
				F9F48A342BE2648B003A16E1 /* Assets.xcassets */,
				F9F48A362BE2648B003A16E1 /* LaunchScreen.storyboard */,
				F9F48A392BE2648B003A16E1 /* Info.plist */,
			);
			path = OneLastChanceVendor;
			sourceTree = "<group>";
		};
/* End PBXGroup section */

/* Begin PBXNativeTarget section */
		F9F48A272BE26489003A16E1 /* OneLastChanceVendor */ = {
			isa = PBXNativeTarget;
			buildConfigurationList = F9F48A3C2BE2648B003A16E1 /* Build configuration list for PBXNativeTarget "OneLastChanceVendor" */;
			buildPhases = (
				244E94E62FEE99960A71B8E5 /* [CP] Check Pods Manifest.lock */,
				F9F48A242BE26489003A16E1 /* Sources */,
				F9F48A252BE26489003A16E1 /* Frameworks */,
				F9F48A262BE26489003A16E1 /* Resources */,
				93AE3DC7D2E84C2F303E067E /* [CP] Embed Pods Frameworks */,
			);
			buildRules = (
			);
			dependencies = (
			);
			name = OneLastChanceVendor;
			productName = OneLastChanceVendor;
			productReference = F9F48A282BE26489003A16E1 /* OneLastChanceVendor.app */;
			productType = "com.apple.product-type.application";
		};
/* End PBXNativeTarget section */

/* Begin PBXProject section */
		F9F48A202BE26489003A16E1 /* Project object */ = {
			isa = PBXProject;
			attributes = {
				BuildIndependentTargetsInParallel = 1;
				LastSwiftUpdateCheck = 1530;
				LastUpgradeCheck = 1530;
				TargetAttributes = {
					F9F48A272BE26489003A16E1 = {
						CreatedOnToolsVersion = 15.3;
					};
				};
			};
			buildConfigurationList = F9F48A232BE26489003A16E1 /* Build configuration list for PBXProject "OneLastChanceVendor" */;
			compatibilityVersion = "Xcode 14.0";
			developmentRegion = en;
			hasScannedForEncodings = 0;
			knownRegions = (
				en,
				Base,
			);
			mainGroup = F9F48A1F2BE26489003A16E1;
			productRefGroup = F9F48A292BE26489003A16E1 /* Products */;
			projectDirPath = "";
			projectRoot = "";
			targets = (
				F9F48A272BE26489003A16E1 /* OneLastChanceVendor */,
			);
		};
/* End PBXProject section */

/* Begin PBXResourcesBuildPhase section */
		F9F48A262BE26489003A16E1 /* Resources */ = {
			isa = PBXResourcesBuildPhase;
			buildActionMask = 2147483647;
			files = (
				F9F48A352BE2648B003A16E1 /* Assets.xcassets in Resources */,
				0A5E0F2A2BECDE4B00F03981 /* ChatTableViewCell.xib in Resources */,
				F9F48A382BE2648B003A16E1 /* Base in Resources */,
				0A5E0F1A2BECDE4B00F03981 /* DetailTableViewCell.xib in Resources */,
				0A5E0F6F2BECDEB300F03981 /* century.ttf in Resources */,
				0A5E0F202BECDE4B00F03981 /* HomeTableViewCell.xib in Resources */,
				F9F48A332BE26489003A16E1 /* Base in Resources */,
				0A5E0F5A2BECDEB300F03981 /* LocationPicker.storyboard in Resources */,
				0A5E0F272BECDE4B00F03981 /* HistoryTableViewCell.xib in Resources */,
			);
			runOnlyForDeploymentPostprocessing = 0;
		};
/* End PBXResourcesBuildPhase section */

/* Begin PBXShellScriptBuildPhase section */
		244E94E62FEE99960A71B8E5 /* [CP] Check Pods Manifest.lock */ = {
			isa = PBXShellScriptBuildPhase;
			buildActionMask = 2147483647;
			files = (
			);
			inputFileListPaths = (
			);
			inputPaths = (
				"${PODS_PODFILE_DIR_PATH}/Podfile.lock",
				"${PODS_ROOT}/Manifest.lock",
			);
			name = "[CP] Check Pods Manifest.lock";
			outputFileListPaths = (
			);
			outputPaths = (
				"$(DERIVED_FILE_DIR)/Pods-OneLastChanceVendor-checkManifestLockResult.txt",
			);
			runOnlyForDeploymentPostprocessing = 0;
			shellPath = /bin/sh;
			shellScript = "diff \"${PODS_PODFILE_DIR_PATH}/Podfile.lock\" \"${PODS_ROOT}/Manifest.lock\" > /dev/null\nif [ $? != 0 ] ; then\n    # print error to STDERR\n    echo \"error: The sandbox is not in sync with the Podfile.lock. Run 'pod install' or update your CocoaPods installation.\" >&2\n    exit 1\nfi\n# This output is used by Xcode 'outputs' to avoid re-running this script phase.\necho \"SUCCESS\" > \"${SCRIPT_OUTPUT_FILE_0}\"\n";
			showEnvVarsInLog = 0;
		};
		93AE3DC7D2E84C2F303E067E /* [CP] Embed Pods Frameworks */ = {
			isa = PBXShellScriptBuildPhase;
			buildActionMask = 2147483647;
			files = (
			);
			inputFileListPaths = (
				"${PODS_ROOT}/Target Support Files/Pods-OneLastChanceVendor/Pods-OneLastChanceVendor-frameworks-${CONFIGURATION}-input-files.xcfilelist",
			);
			name = "[CP] Embed Pods Frameworks";
			outputFileListPaths = (
				"${PODS_ROOT}/Target Support Files/Pods-OneLastChanceVendor/Pods-OneLastChanceVendor-frameworks-${CONFIGURATION}-output-files.xcfilelist",
			);
			runOnlyForDeploymentPostprocessing = 0;
			shellPath = /bin/sh;
			shellScript = "\"${PODS_ROOT}/Target Support Files/Pods-OneLastChanceVendor/Pods-OneLastChanceVendor-frameworks.sh\"\n";
			showEnvVarsInLog = 0;
		};
/* End PBXShellScriptBuildPhase section */

/* Begin PBXSourcesBuildPhase section */
		F9F48A242BE26489003A16E1 /* Sources */ = {
			isa = PBXSourcesBuildPhase;
			buildActionMask = 2147483647;
			files = (
				0A5E0F192BECDE4B00F03981 /* DetailTableViewCell.swift in Sources */,
				0A5E0EF92BECD99000F03981 /* LoginViewController.swift in Sources */,
				0A5E0F6C2BECDEB300F03981 /* TabBarViewController.swift in Sources */,
				0A5E0F672BECDEB300F03981 /* RegistrationModel.swift in Sources */,
				0A5E0F6D2BECDEB300F03981 /* FloatRatingView.swift in Sources */,
				0A5E0F6E2BECDEB300F03981 /* AlertViewController.swift in Sources */,
				0A5E0F5F2BECDEB300F03981 /* AppSharedData.swift in Sources */,
				0A5E0EFA2BECD99000F03981 /* ForgotPasswordViewController.swift in Sources */,
				0A5E0F2F2BECDE4B00F03981 /* ProfileViewController.swift in Sources */,
				0A5E0F5D2BECDEB300F03981 /* LocationService.swift in Sources */,
				0A5E0F752BECDEB300F03981 /* MessageConstant.swift in Sources */,
				0A5E0F2C2BECDE4B00F03981 /* ContactUsViewController.swift in Sources */,
				0A5E0F632BECDEB300F03981 /* GetGameModel.swift in Sources */,
				0A5E0F682BECDEB300F03981 /* StoreModel.swift in Sources */,
				0A5E0F2D2BECDE4B00F03981 /* EditProfileViewController.swift in Sources */,
				0A5E0F5C2BECDEB300F03981 /* LocationSearchResultsViewController.swift in Sources */,
				0A5E0F7A2BECE5D700F03981 /* CreateSecretBoxViewController.swift in Sources */,
				0A5E0F6A2BECDEB300F03981 /* WebServiceHelper.swift in Sources */,
				0A5E0F602BECDEB300F03981 /* CategoryModel.swift in Sources */,
				0A5E0F742BECDEB300F03981 /* MediaPicker.swift in Sources */,
				0A5E0F652BECDEB300F03981 /* LoginModel.swift in Sources */,
				0A5E0F5E2BECDEB300F03981 /* SearchHistoryManager.swift in Sources */,
				0A5E0F592BECDEB300F03981 /* Location.swift in Sources */,
				0A5E0F662BECDEB300F03981 /* NotificationModel.swift in Sources */,
				0A5E0F282BECDE4B00F03981 /* HistoryViewController.swift in Sources */,
				0A5E0F712BECDEB300F03981 /* CustomUITextField.swift in Sources */,
				0A5E0F722BECDEB300F03981 /* CustomUIView.swift in Sources */,
				F9F48A302BE26489003A16E1 /* ViewController.swift in Sources */,
				0A5E0F782BECDEB300F03981 /* TimePickerManager.swift in Sources */,
				0A5E0F5B2BECDEB300F03981 /* LocationPickerViewController.swift in Sources */,
				0A5E0F1F2BECDE4B00F03981 /* HomeTableViewCell.swift in Sources */,
				0A5E0F702BECDEB300F03981 /* CircularProgressBar.swift in Sources */,
				0A5E0F762BECDEB300F03981 /* RDTextView.swift in Sources */,
				0A5E0F262BECDE4B00F03981 /* HistoryTableViewCell.swift in Sources */,
				0A5E0F212BECDE4B00F03981 /* HomeViewController.swift in Sources */,
				0A5E0F292BECDE4B00F03981 /* ChatTableViewCell.swift in Sources */,
				0A5E0F612BECDEB300F03981 /* ChatDetailModel.swift in Sources */,
				0A5E0F2E2BECDE4B00F03981 /* PrivacyPolicyViewController.swift in Sources */,
				0A5E0F642BECDEB300F03981 /* HomeModel.swift in Sources */,
				0A5E0F692BECDEB300F03981 /* UserModel.swift in Sources */,
				0A5E0F6B2BECDEB300F03981 /* WebServiceManager.swift in Sources */,
				0A5E0F302BECDE4B00F03981 /* ResetPasswordViewController.swift in Sources */,
				F9F48A2C2BE26489003A16E1 /* AppDelegate.swift in Sources */,
				0A5E0F732BECDEB300F03981 /* Extensions.swift in Sources */,
				0A5E0F622BECDEB300F03981 /* GamePlayersModel.swift in Sources */,
				0A5E0F2B2BECDE4B00F03981 /* ChatViewController.swift in Sources */,
				0A5E0F1B2BECDE4B00F03981 /* DetailViewController.swift in Sources */,
				0A5E0F772BECDEB300F03981 /* TableViewExtension.swift in Sources */,
			);
			runOnlyForDeploymentPostprocessing = 0;
		};
/* End PBXSourcesBuildPhase section */

/* Begin PBXVariantGroup section */
		F9F48A312BE26489003A16E1 /* Main.storyboard */ = {
			isa = PBXVariantGroup;
			children = (
				F9F48A322BE26489003A16E1 /* Base */,
			);
			name = Main.storyboard;
			sourceTree = "<group>";
		};
		F9F48A362BE2648B003A16E1 /* LaunchScreen.storyboard */ = {
			isa = PBXVariantGroup;
			children = (
				F9F48A372BE2648B003A16E1 /* Base */,
			);
			name = LaunchScreen.storyboard;
			sourceTree = "<group>";
		};
/* End PBXVariantGroup section */

/* Begin XCBuildConfiguration section */
		F9F48A3A2BE2648B003A16E1 /* Debug */ = {
			isa = XCBuildConfiguration;
			buildSettings = {
				ALWAYS_SEARCH_USER_PATHS = NO;
				ASSETCATALOG_COMPILER_GENERATE_SWIFT_ASSET_SYMBOL_EXTENSIONS = YES;
				CLANG_ANALYZER_NONNULL = YES;
				CLANG_ANALYZER_NUMBER_OBJECT_CONVERSION = YES_AGGRESSIVE;
				CLANG_CXX_LANGUAGE_STANDARD = "gnu++20";
				CLANG_ENABLE_MODULES = YES;
				CLANG_ENABLE_OBJC_ARC = YES;
				CLANG_ENABLE_OBJC_WEAK = YES;
				CLANG_WARN_BLOCK_CAPTURE_AUTORELEASING = YES;
				CLANG_WARN_BOOL_CONVERSION = YES;
				CLANG_WARN_COMMA = YES;
				CLANG_WARN_CONSTANT_CONVERSION = YES;
				CLANG_WARN_DEPRECATED_OBJC_IMPLEMENTATIONS = YES;
				CLANG_WARN_DIRECT_OBJC_ISA_USAGE = YES_ERROR;
				CLANG_WARN_DOCUMENTATION_COMMENTS = YES;
				CLANG_WARN_EMPTY_BODY = YES;
				CLANG_WARN_ENUM_CONVERSION = YES;
				CLANG_WARN_INFINITE_RECURSION = YES;
				CLANG_WARN_INT_CONVERSION = YES;
				CLANG_WARN_NON_LITERAL_NULL_CONVERSION = YES;
				CLANG_WARN_OBJC_IMPLICIT_RETAIN_SELF = YES;
				CLANG_WARN_OBJC_LITERAL_CONVERSION = YES;
				CLANG_WARN_OBJC_ROOT_CLASS = YES_ERROR;
				CLANG_WARN_QUOTED_INCLUDE_IN_FRAMEWORK_HEADER = YES;
				CLANG_WARN_RANGE_LOOP_ANALYSIS = YES;
				CLANG_WARN_STRICT_PROTOTYPES = YES;
				CLANG_WARN_SUSPICIOUS_MOVE = YES;
				CLANG_WARN_UNGUARDED_AVAILABILITY = YES_AGGRESSIVE;
				CLANG_WARN_UNREACHABLE_CODE = YES;
				CLANG_WARN__DUPLICATE_METHOD_MATCH = YES;
				COPY_PHASE_STRIP = NO;
				DEBUG_INFORMATION_FORMAT = dwarf;
				ENABLE_STRICT_OBJC_MSGSEND = YES;
				ENABLE_TESTABILITY = YES;
				ENABLE_USER_SCRIPT_SANDBOXING = YES;
				GCC_C_LANGUAGE_STANDARD = gnu17;
				GCC_DYNAMIC_NO_PIC = NO;
				GCC_NO_COMMON_BLOCKS = YES;
				GCC_OPTIMIZATION_LEVEL = 0;
				GCC_PREPROCESSOR_DEFINITIONS = (
					"DEBUG=1",
					"$(inherited)",
				);
				GCC_WARN_64_TO_32_BIT_CONVERSION = YES;
				GCC_WARN_ABOUT_RETURN_TYPE = YES_ERROR;
				GCC_WARN_UNDECLARED_SELECTOR = YES;
				GCC_WARN_UNINITIALIZED_AUTOS = YES_AGGRESSIVE;
				GCC_WARN_UNUSED_FUNCTION = YES;
				GCC_WARN_UNUSED_VARIABLE = YES;
				IPHONEOS_DEPLOYMENT_TARGET = 17.4;
				LOCALIZATION_PREFERS_STRING_CATALOGS = YES;
				MTL_ENABLE_DEBUG_INFO = INCLUDE_SOURCE;
				MTL_FAST_MATH = YES;
				ONLY_ACTIVE_ARCH = YES;
				SDKROOT = iphoneos;
				SWIFT_ACTIVE_COMPILATION_CONDITIONS = "DEBUG $(inherited)";
				SWIFT_OPTIMIZATION_LEVEL = "-Onone";
			};
			name = Debug;
		};
		F9F48A3B2BE2648B003A16E1 /* Release */ = {
			isa = XCBuildConfiguration;
			buildSettings = {
				ALWAYS_SEARCH_USER_PATHS = NO;
				ASSETCATALOG_COMPILER_GENERATE_SWIFT_ASSET_SYMBOL_EXTENSIONS = YES;
				CLANG_ANALYZER_NONNULL = YES;
				CLANG_ANALYZER_NUMBER_OBJECT_CONVERSION = YES_AGGRESSIVE;
				CLANG_CXX_LANGUAGE_STANDARD = "gnu++20";
				CLANG_ENABLE_MODULES = YES;
				CLANG_ENABLE_OBJC_ARC = YES;
				CLANG_ENABLE_OBJC_WEAK = YES;
				CLANG_WARN_BLOCK_CAPTURE_AUTORELEASING = YES;
				CLANG_WARN_BOOL_CONVERSION = YES;
				CLANG_WARN_COMMA = YES;
				CLANG_WARN_CONSTANT_CONVERSION = YES;
				CLANG_WARN_DEPRECATED_OBJC_IMPLEMENTATIONS = YES;
				CLANG_WARN_DIRECT_OBJC_ISA_USAGE = YES_ERROR;
				CLANG_WARN_DOCUMENTATION_COMMENTS = YES;
				CLANG_WARN_EMPTY_BODY = YES;
				CLANG_WARN_ENUM_CONVERSION = YES;
				CLANG_WARN_INFINITE_RECURSION = YES;
				CLANG_WARN_INT_CONVERSION = YES;
				CLANG_WARN_NON_LITERAL_NULL_CONVERSION = YES;
				CLANG_WARN_OBJC_IMPLICIT_RETAIN_SELF = YES;
				CLANG_WARN_OBJC_LITERAL_CONVERSION = YES;
				CLANG_WARN_OBJC_ROOT_CLASS = YES_ERROR;
				CLANG_WARN_QUOTED_INCLUDE_IN_FRAMEWORK_HEADER = YES;
				CLANG_WARN_RANGE_LOOP_ANALYSIS = YES;
				CLANG_WARN_STRICT_PROTOTYPES = YES;
				CLANG_WARN_SUSPICIOUS_MOVE = YES;
				CLANG_WARN_UNGUARDED_AVAILABILITY = YES_AGGRESSIVE;
				CLANG_WARN_UNREACHABLE_CODE = YES;
				CLANG_WARN__DUPLICATE_METHOD_MATCH = YES;
				COPY_PHASE_STRIP = NO;
				DEBUG_INFORMATION_FORMAT = "dwarf-with-dsym";
				ENABLE_NS_ASSERTIONS = NO;
				ENABLE_STRICT_OBJC_MSGSEND = YES;
				ENABLE_USER_SCRIPT_SANDBOXING = YES;
				GCC_C_LANGUAGE_STANDARD = gnu17;
				GCC_NO_COMMON_BLOCKS = YES;
				GCC_WARN_64_TO_32_BIT_CONVERSION = YES;
				GCC_WARN_ABOUT_RETURN_TYPE = YES_ERROR;
				GCC_WARN_UNDECLARED_SELECTOR = YES;
				GCC_WARN_UNINITIALIZED_AUTOS = YES_AGGRESSIVE;
				GCC_WARN_UNUSED_FUNCTION = YES;
				GCC_WARN_UNUSED_VARIABLE = YES;
				IPHONEOS_DEPLOYMENT_TARGET = 17.4;
				LOCALIZATION_PREFERS_STRING_CATALOGS = YES;
				MTL_ENABLE_DEBUG_INFO = NO;
				MTL_FAST_MATH = YES;
				SDKROOT = iphoneos;
				SWIFT_COMPILATION_MODE = wholemodule;
				VALIDATE_PRODUCT = YES;
			};
			name = Release;
		};
		F9F48A3D2BE2648B003A16E1 /* Debug */ = {
			isa = XCBuildConfiguration;
			baseConfigurationReference = 9E03B89D8072C47C7A0B5BC1 /* Pods-OneLastChanceVendor.debug.xcconfig */;
			buildSettings = {
				ASSETCATALOG_COMPILER_APPICON_NAME = AppIcon;
				ASSETCATALOG_COMPILER_GLOBAL_ACCENT_COLOR_NAME = AccentColor;
				CODE_SIGN_STYLE = Automatic;
				CURRENT_PROJECT_VERSION = 1;
				ENABLE_USER_SCRIPT_SANDBOXING = NO;
				GENERATE_INFOPLIST_FILE = YES;
				INFOPLIST_FILE = OneLastChanceVendor/Info.plist;
				INFOPLIST_KEY_UIApplicationSupportsIndirectInputEvents = YES;
				INFOPLIST_KEY_UILaunchStoryboardName = LaunchScreen;
				INFOPLIST_KEY_UIMainStoryboardFile = Main;
				INFOPLIST_KEY_UISupportedInterfaceOrientations = UIInterfaceOrientationPortrait;
				IPHONEOS_DEPLOYMENT_TARGET = 15.0;
				LD_RUNPATH_SEARCH_PATHS = (
					"$(inherited)",
					"@executable_path/Frameworks",
				);
				MARKETING_VERSION = 1.0;
				PRODUCT_BUNDLE_IDENTIFIER = com.ios.OneLastChanceVendor;
				PRODUCT_NAME = "$(TARGET_NAME)";
				SUPPORTED_PLATFORMS = "iphoneos iphonesimulator";
				SUPPORTS_MACCATALYST = NO;
				SUPPORTS_MAC_DESIGNED_FOR_IPHONE_IPAD = NO;
				SWIFT_EMIT_LOC_STRINGS = YES;
				SWIFT_VERSION = 5.0;
				TARGETED_DEVICE_FAMILY = "1,2";
			};
			name = Debug;
		};
		F9F48A3E2BE2648B003A16E1 /* Release */ = {
			isa = XCBuildConfiguration;
			baseConfigurationReference = 22136935D99F7E17DBC861ED /* Pods-OneLastChanceVendor.release.xcconfig */;
			buildSettings = {
				ASSETCATALOG_COMPILER_APPICON_NAME = AppIcon;
				ASSETCATALOG_COMPILER_GLOBAL_ACCENT_COLOR_NAME = AccentColor;
				CODE_SIGN_STYLE = Automatic;
				CURRENT_PROJECT_VERSION = 1;
				ENABLE_USER_SCRIPT_SANDBOXING = NO;
				GENERATE_INFOPLIST_FILE = YES;
				INFOPLIST_FILE = OneLastChanceVendor/Info.plist;
				INFOPLIST_KEY_UIApplicationSupportsIndirectInputEvents = YES;
				INFOPLIST_KEY_UILaunchStoryboardName = LaunchScreen;
				INFOPLIST_KEY_UIMainStoryboardFile = Main;
				INFOPLIST_KEY_UISupportedInterfaceOrientations = UIInterfaceOrientationPortrait;
				IPHONEOS_DEPLOYMENT_TARGET = 15.0;
				LD_RUNPATH_SEARCH_PATHS = (
					"$(inherited)",
					"@executable_path/Frameworks",
				);
				MARKETING_VERSION = 1.0;
				PRODUCT_BUNDLE_IDENTIFIER = com.ios.OneLastChanceVendor;
				PRODUCT_NAME = "$(TARGET_NAME)";
				SUPPORTED_PLATFORMS = "iphoneos iphonesimulator";
				SUPPORTS_MACCATALYST = NO;
				SUPPORTS_MAC_DESIGNED_FOR_IPHONE_IPAD = NO;
				SWIFT_EMIT_LOC_STRINGS = YES;
				SWIFT_VERSION = 5.0;
				TARGETED_DEVICE_FAMILY = "1,2";
			};
			name = Release;
		};
/* End XCBuildConfiguration section */

/* Begin XCConfigurationList section */
		F9F48A232BE26489003A16E1 /* Build configuration list for PBXProject "OneLastChanceVendor" */ = {
			isa = XCConfigurationList;
			buildConfigurations = (
				F9F48A3A2BE2648B003A16E1 /* Debug */,
				F9F48A3B2BE2648B003A16E1 /* Release */,
			);
			defaultConfigurationIsVisible = 0;
			defaultConfigurationName = Release;
		};
		F9F48A3C2BE2648B003A16E1 /* Build configuration list for PBXNativeTarget "OneLastChanceVendor" */ = {
			isa = XCConfigurationList;
			buildConfigurations = (
				F9F48A3D2BE2648B003A16E1 /* Debug */,
				F9F48A3E2BE2648B003A16E1 /* Release */,
			);
			defaultConfigurationIsVisible = 0;
			defaultConfigurationName = Release;
		};
/* End XCConfigurationList section */
	};
	rootObject = F9F48A202BE26489003A16E1 /* Project object */;
}
